// !$*UTF8*$!
{
	archiveVersion = 1;
	classes = {
	};
	objectVersion = 46;
	objects = {

/* Begin PBXBuildFile section */
		044898811D4FCCDB0026F43A /* Stage.h in Headers */ = {isa = PBXBuildFile; fileRef = 044898801D4FCCDB0026F43A /* Stage.h */; settings = {ATTRIBUTES = (Public, ); }; };
		044898B21D4FCD330026F43A /* Declaration.swift in Sources */ = {isa = PBXBuildFile; fileRef = 0448988E1D4FCD330026F43A /* Declaration.swift */; };
		044898B31D4FCD330026F43A /* DefaultDefinitionFactory.swift in Sources */ = {isa = PBXBuildFile; fileRef = 0448988F1D4FCD330026F43A /* DefaultDefinitionFactory.swift */; };
		044898B41D4FCD330026F43A /* Definition.swift in Sources */ = {isa = PBXBuildFile; fileRef = 044898901D4FCD330026F43A /* Definition.swift */; };
		044898B51D4FCD330026F43A /* DevelopmentServerDefinitionFactory.swift in Sources */ = {isa = PBXBuildFile; fileRef = 044898911D4FCD330026F43A /* DevelopmentServerDefinitionFactory.swift */; };
		044898B61D4FCD330026F43A /* Exception.swift in Sources */ = {isa = PBXBuildFile; fileRef = 044898921D4FCD330026F43A /* Exception.swift */; };
		044898B71D4FCD330026F43A /* LiveContext.swift in Sources */ = {isa = PBXBuildFile; fileRef = 044898931D4FCD330026F43A /* LiveContext.swift */; };
		044898B81D4FCD330026F43A /* Mapper.swift in Sources */ = {isa = PBXBuildFile; fileRef = 044898941D4FCD330026F43A /* Mapper.swift */; };
		044898B91D4FCD330026F43A /* NSObject+Stage.h in Headers */ = {isa = PBXBuildFile; fileRef = 044898961D4FCD330026F43A /* NSObject+Stage.h */; settings = {ATTRIBUTES = (Public, ); }; };
		044898BA1D4FCD330026F43A /* NSObject+Stage.m in Sources */ = {isa = PBXBuildFile; fileRef = 044898971D4FCD330026F43A /* NSObject+Stage.m */; };
		044898BB1D4FCD330026F43A /* StageRuntimeHelpers.h in Headers */ = {isa = PBXBuildFile; fileRef = 044898981D4FCD330026F43A /* StageRuntimeHelpers.h */; settings = {ATTRIBUTES = (Public, ); }; };
		044898BC1D4FCD330026F43A /* StageRuntimeHelpers.m in Sources */ = {isa = PBXBuildFile; fileRef = 044898991D4FCD330026F43A /* StageRuntimeHelpers.m */; };
		044898BD1D4FCD330026F43A /* StageSafeKVO.h in Headers */ = {isa = PBXBuildFile; fileRef = 0448989A1D4FCD330026F43A /* StageSafeKVO.h */; settings = {ATTRIBUTES = (Public, ); }; };
		044898BE1D4FCD330026F43A /* StageSafeKVO.m in Sources */ = {isa = PBXBuildFile; fileRef = 0448989B1D4FCD330026F43A /* StageSafeKVO.m */; };
		044898BF1D4FCD330026F43A /* UIView+Stage.h in Headers */ = {isa = PBXBuildFile; fileRef = 0448989C1D4FCD330026F43A /* UIView+Stage.h */; settings = {ATTRIBUTES = (Public, ); }; };
		044898C01D4FCD330026F43A /* UIView+Stage.m in Sources */ = {isa = PBXBuildFile; fileRef = 0448989D1D4FCD330026F43A /* UIView+Stage.m */; };
		044898C11D4FCD330026F43A /* MKMapViewBindings.swift in Sources */ = {isa = PBXBuildFile; fileRef = 0448989F1D4FCD330026F43A /* MKMapViewBindings.swift */; };
		044898C21D4FCD330026F43A /* UILabelBindings.swift in Sources */ = {isa = PBXBuildFile; fileRef = 044898A01D4FCD330026F43A /* UILabelBindings.swift */; };
		044898C31D4FCD330026F43A /* UIScrollViewBindings.swift in Sources */ = {isa = PBXBuildFile; fileRef = 044898A11D4FCD330026F43A /* UIScrollViewBindings.swift */; };
		044898C41D4FCD330026F43A /* UISegmentedControlBindings.swift in Sources */ = {isa = PBXBuildFile; fileRef = 044898A21D4FCD330026F43A /* UISegmentedControlBindings.swift */; };
		044898C51D4FCD330026F43A /* UITextFieldBindings.swift in Sources */ = {isa = PBXBuildFile; fileRef = 044898A31D4FCD330026F43A /* UITextFieldBindings.swift */; };
		044898C61D4FCD330026F43A /* UITextViewBindings.swift in Sources */ = {isa = PBXBuildFile; fileRef = 044898A41D4FCD330026F43A /* UITextViewBindings.swift */; };
		044898C71D4FCD330026F43A /* UIViewBindings.swift in Sources */ = {isa = PBXBuildFile; fileRef = 044898A51D4FCD330026F43A /* UIViewBindings.swift */; };
		044898C81D4FCD330026F43A /* PropertyRegistration.swift in Sources */ = {isa = PBXBuildFile; fileRef = 044898A61D4FCD330026F43A /* PropertyRegistration.swift */; };
		044898C91D4FCD330026F43A /* EnumScanner.swift in Sources */ = {isa = PBXBuildFile; fileRef = 044898A81D4FCD330026F43A /* EnumScanner.swift */; };
		044898CA1D4FCD330026F43A /* RuleScanner.swift in Sources */ = {isa = PBXBuildFile; fileRef = 044898A91D4FCD330026F43A /* RuleScanner.swift */; };
		044898CB1D4FCD330026F43A /* UIColorScan.swift in Sources */ = {isa = PBXBuildFile; fileRef = 044898AA1D4FCD330026F43A /* UIColorScan.swift */; };
		044898CD1D4FCD330026F43A /* UIFontScan.swift in Sources */ = {isa = PBXBuildFile; fileRef = 044898AC1D4FCD330026F43A /* UIFontScan.swift */; };
		044898CE1D4FCD330026F43A /* UILayoutScan.swift in Sources */ = {isa = PBXBuildFile; fileRef = 044898AD1D4FCD330026F43A /* UILayoutScan.swift */; };
		044898D01D4FCD330026F43A /* Utilities.swift in Sources */ = {isa = PBXBuildFile; fileRef = 044898AF1D4FCD330026F43A /* Utilities.swift */; };
		044898D11D4FCD330026F43A /* ViewBinding.swift in Sources */ = {isa = PBXBuildFile; fileRef = 044898B01D4FCD330026F43A /* ViewBinding.swift */; };
		044898D21D4FCD330026F43A /* ViewHierarchyNode.swift in Sources */ = {isa = PBXBuildFile; fileRef = 044898B11D4FCD330026F43A /* ViewHierarchyNode.swift */; };
		044898D61D4FCEA80026F43A /* Parser.swift in Sources */ = {isa = PBXBuildFile; fileRef = 044898D51D4FCEA80026F43A /* Parser.swift */; };
		0456F1B91D590BCC005F8326 /* CGPointScan.swift in Sources */ = {isa = PBXBuildFile; fileRef = 0456F1B81D590BCC005F8326 /* CGPointScan.swift */; };
		0456F1BB1D590BF4005F8326 /* CGSizeScan.swift in Sources */ = {isa = PBXBuildFile; fileRef = 0456F1BA1D590BF4005F8326 /* CGSizeScan.swift */; };
		0456F1BD1D590C35005F8326 /* UIEdgeInsetsScan.swift in Sources */ = {isa = PBXBuildFile; fileRef = 0456F1BC1D590C35005F8326 /* UIEdgeInsetsScan.swift */; };
		0456F1BF1D590D5A005F8326 /* MKMapTypeScan.swift in Sources */ = {isa = PBXBuildFile; fileRef = 0456F1BE1D590D5A005F8326 /* MKMapTypeScan.swift */; };
		0456F1C11D590DC6005F8326 /* NSLayoutScan.swift in Sources */ = {isa = PBXBuildFile; fileRef = 0456F1C01D590DC6005F8326 /* NSLayoutScan.swift */; };
		0456F1C31D590E95005F8326 /* NSLineBreakModeScan.swift in Sources */ = {isa = PBXBuildFile; fileRef = 0456F1C21D590E95005F8326 /* NSLineBreakModeScan.swift */; };
		0456F1C51D590EC1005F8326 /* NSTextAlignmentScan.swift in Sources */ = {isa = PBXBuildFile; fileRef = 0456F1C41D590EC1005F8326 /* NSTextAlignmentScan.swift */; };
		0456F1C71D590F1F005F8326 /* UIActivityIndicatorViewStyleScan.swift in Sources */ = {isa = PBXBuildFile; fileRef = 0456F1C61D590F1F005F8326 /* UIActivityIndicatorViewStyleScan.swift */; };
		0456F1C91D590F72005F8326 /* UIBlurEffectStyleScan.swift in Sources */ = {isa = PBXBuildFile; fileRef = 0456F1C81D590F72005F8326 /* UIBlurEffectStyleScan.swift */; };
		0456F1CB1D590FB6005F8326 /* UIKeyboardTypeScan.swift in Sources */ = {isa = PBXBuildFile; fileRef = 0456F1CA1D590FB6005F8326 /* UIKeyboardTypeScan.swift */; };
		0456F1CD1D59100D005F8326 /* UIViewScan.swift in Sources */ = {isa = PBXBuildFile; fileRef = 0456F1CC1D59100D005F8326 /* UIViewScan.swift */; };
		0456F1CF1D591087005F8326 /* UITextFieldViewModeScan.swift in Sources */ = {isa = PBXBuildFile; fileRef = 0456F1CE1D591087005F8326 /* UITextFieldViewModeScan.swift */; };
		04D3B64C1D52A99D002800F0 /* ErrorConsole.swift in Sources */ = {isa = PBXBuildFile; fileRef = 04D3B64B1D52A99D002800F0 /* ErrorConsole.swift */; };
		04D3B64F1D52B244002800F0 /* UIView.swift in Sources */ = {isa = PBXBuildFile; fileRef = 04D3B64E1D52B244002800F0 /* UIView.swift */; };
		04D3B6541D52B420002800F0 /* StackingView.swift in Sources */ = {isa = PBXBuildFile; fileRef = 04D3B6531D52B420002800F0 /* StackingView.swift */; };
		04D3B6561D53B7D4002800F0 /* StackingViewBindings.swift in Sources */ = {isa = PBXBuildFile; fileRef = 04D3B6551D53B7D4002800F0 /* StackingViewBindings.swift */; };
/* End PBXBuildFile section */

/* Begin PBXFileReference section */
		0448987D1D4FCCDB0026F43A /* Stage.framework */ = {isa = PBXFileReference; explicitFileType = wrapper.framework; includeInIndex = 0; path = Stage.framework; sourceTree = BUILT_PRODUCTS_DIR; };
		044898801D4FCCDB0026F43A /* Stage.h */ = {isa = PBXFileReference; lastKnownFileType = sourcecode.c.h; path = Stage.h; sourceTree = "<group>"; };
		044898821D4FCCDB0026F43A /* Info.plist */ = {isa = PBXFileReference; lastKnownFileType = text.plist.xml; path = Info.plist; sourceTree = "<group>"; };
		0448988E1D4FCD330026F43A /* Declaration.swift */ = {isa = PBXFileReference; fileEncoding = 4; lastKnownFileType = sourcecode.swift; path = Declaration.swift; sourceTree = "<group>"; };
		0448988F1D4FCD330026F43A /* DefaultDefinitionFactory.swift */ = {isa = PBXFileReference; fileEncoding = 4; lastKnownFileType = sourcecode.swift; path = DefaultDefinitionFactory.swift; sourceTree = "<group>"; };
		044898901D4FCD330026F43A /* Definition.swift */ = {isa = PBXFileReference; fileEncoding = 4; lastKnownFileType = sourcecode.swift; path = Definition.swift; sourceTree = "<group>"; };
		044898911D4FCD330026F43A /* DevelopmentServerDefinitionFactory.swift */ = {isa = PBXFileReference; fileEncoding = 4; lastKnownFileType = sourcecode.swift; path = DevelopmentServerDefinitionFactory.swift; sourceTree = "<group>"; };
		044898921D4FCD330026F43A /* Exception.swift */ = {isa = PBXFileReference; fileEncoding = 4; lastKnownFileType = sourcecode.swift; path = Exception.swift; sourceTree = "<group>"; };
		044898931D4FCD330026F43A /* LiveContext.swift */ = {isa = PBXFileReference; fileEncoding = 4; lastKnownFileType = sourcecode.swift; path = LiveContext.swift; sourceTree = "<group>"; };
		044898941D4FCD330026F43A /* Mapper.swift */ = {isa = PBXFileReference; fileEncoding = 4; lastKnownFileType = sourcecode.swift; path = Mapper.swift; sourceTree = "<group>"; };
		044898961D4FCD330026F43A /* NSObject+Stage.h */ = {isa = PBXFileReference; fileEncoding = 4; lastKnownFileType = sourcecode.c.h; path = "NSObject+Stage.h"; sourceTree = "<group>"; };
		044898971D4FCD330026F43A /* NSObject+Stage.m */ = {isa = PBXFileReference; fileEncoding = 4; lastKnownFileType = sourcecode.c.objc; path = "NSObject+Stage.m"; sourceTree = "<group>"; };
		044898981D4FCD330026F43A /* StageRuntimeHelpers.h */ = {isa = PBXFileReference; fileEncoding = 4; lastKnownFileType = sourcecode.c.h; path = StageRuntimeHelpers.h; sourceTree = "<group>"; };
		044898991D4FCD330026F43A /* StageRuntimeHelpers.m */ = {isa = PBXFileReference; fileEncoding = 4; lastKnownFileType = sourcecode.c.objc; path = StageRuntimeHelpers.m; sourceTree = "<group>"; };
		0448989A1D4FCD330026F43A /* StageSafeKVO.h */ = {isa = PBXFileReference; fileEncoding = 4; lastKnownFileType = sourcecode.c.h; path = StageSafeKVO.h; sourceTree = "<group>"; };
		0448989B1D4FCD330026F43A /* StageSafeKVO.m */ = {isa = PBXFileReference; fileEncoding = 4; lastKnownFileType = sourcecode.c.objc; path = StageSafeKVO.m; sourceTree = "<group>"; };
		0448989C1D4FCD330026F43A /* UIView+Stage.h */ = {isa = PBXFileReference; fileEncoding = 4; lastKnownFileType = sourcecode.c.h; path = "UIView+Stage.h"; sourceTree = "<group>"; };
		0448989D1D4FCD330026F43A /* UIView+Stage.m */ = {isa = PBXFileReference; fileEncoding = 4; lastKnownFileType = sourcecode.c.objc; path = "UIView+Stage.m"; sourceTree = "<group>"; };
		0448989F1D4FCD330026F43A /* MKMapViewBindings.swift */ = {isa = PBXFileReference; fileEncoding = 4; lastKnownFileType = sourcecode.swift; path = MKMapViewBindings.swift; sourceTree = "<group>"; };
		044898A01D4FCD330026F43A /* UILabelBindings.swift */ = {isa = PBXFileReference; fileEncoding = 4; lastKnownFileType = sourcecode.swift; path = UILabelBindings.swift; sourceTree = "<group>"; };
		044898A11D4FCD330026F43A /* UIScrollViewBindings.swift */ = {isa = PBXFileReference; fileEncoding = 4; lastKnownFileType = sourcecode.swift; path = UIScrollViewBindings.swift; sourceTree = "<group>"; };
		044898A21D4FCD330026F43A /* UISegmentedControlBindings.swift */ = {isa = PBXFileReference; fileEncoding = 4; lastKnownFileType = sourcecode.swift; path = UISegmentedControlBindings.swift; sourceTree = "<group>"; };
		044898A31D4FCD330026F43A /* UITextFieldBindings.swift */ = {isa = PBXFileReference; fileEncoding = 4; lastKnownFileType = sourcecode.swift; path = UITextFieldBindings.swift; sourceTree = "<group>"; };
		044898A41D4FCD330026F43A /* UITextViewBindings.swift */ = {isa = PBXFileReference; fileEncoding = 4; lastKnownFileType = sourcecode.swift; path = UITextViewBindings.swift; sourceTree = "<group>"; };
		044898A51D4FCD330026F43A /* UIViewBindings.swift */ = {isa = PBXFileReference; fileEncoding = 4; lastKnownFileType = sourcecode.swift; path = UIViewBindings.swift; sourceTree = "<group>"; };
		044898A61D4FCD330026F43A /* PropertyRegistration.swift */ = {isa = PBXFileReference; fileEncoding = 4; lastKnownFileType = sourcecode.swift; path = PropertyRegistration.swift; sourceTree = "<group>"; };
		044898A81D4FCD330026F43A /* EnumScanner.swift */ = {isa = PBXFileReference; fileEncoding = 4; lastKnownFileType = sourcecode.swift; path = EnumScanner.swift; sourceTree = "<group>"; };
		044898A91D4FCD330026F43A /* RuleScanner.swift */ = {isa = PBXFileReference; fileEncoding = 4; lastKnownFileType = sourcecode.swift; path = RuleScanner.swift; sourceTree = "<group>"; };
		044898AA1D4FCD330026F43A /* UIColorScan.swift */ = {isa = PBXFileReference; fileEncoding = 4; lastKnownFileType = sourcecode.swift; path = UIColorScan.swift; sourceTree = "<group>"; };
		044898AC1D4FCD330026F43A /* UIFontScan.swift */ = {isa = PBXFileReference; fileEncoding = 4; lastKnownFileType = sourcecode.swift; path = UIFontScan.swift; sourceTree = "<group>"; };
		044898AD1D4FCD330026F43A /* UILayoutScan.swift */ = {isa = PBXFileReference; fileEncoding = 4; lastKnownFileType = sourcecode.swift; path = UILayoutScan.swift; sourceTree = "<group>"; };
		044898AF1D4FCD330026F43A /* Utilities.swift */ = {isa = PBXFileReference; fileEncoding = 4; lastKnownFileType = sourcecode.swift; path = Utilities.swift; sourceTree = "<group>"; };
		044898B01D4FCD330026F43A /* ViewBinding.swift */ = {isa = PBXFileReference; fileEncoding = 4; lastKnownFileType = sourcecode.swift; path = ViewBinding.swift; sourceTree = "<group>"; };
		044898B11D4FCD330026F43A /* ViewHierarchyNode.swift */ = {isa = PBXFileReference; fileEncoding = 4; lastKnownFileType = sourcecode.swift; path = ViewHierarchyNode.swift; sourceTree = "<group>"; };
		044898D51D4FCEA80026F43A /* Parser.swift */ = {isa = PBXFileReference; fileEncoding = 4; lastKnownFileType = sourcecode.swift; path = Parser.swift; sourceTree = "<group>"; };
		0456F1B81D590BCC005F8326 /* CGPointScan.swift */ = {isa = PBXFileReference; fileEncoding = 4; lastKnownFileType = sourcecode.swift; path = CGPointScan.swift; sourceTree = "<group>"; };
		0456F1BA1D590BF4005F8326 /* CGSizeScan.swift */ = {isa = PBXFileReference; fileEncoding = 4; lastKnownFileType = sourcecode.swift; path = CGSizeScan.swift; sourceTree = "<group>"; };
		0456F1BC1D590C35005F8326 /* UIEdgeInsetsScan.swift */ = {isa = PBXFileReference; fileEncoding = 4; lastKnownFileType = sourcecode.swift; path = UIEdgeInsetsScan.swift; sourceTree = "<group>"; };
		0456F1BE1D590D5A005F8326 /* MKMapTypeScan.swift */ = {isa = PBXFileReference; fileEncoding = 4; lastKnownFileType = sourcecode.swift; path = MKMapTypeScan.swift; sourceTree = "<group>"; };
		0456F1C01D590DC6005F8326 /* NSLayoutScan.swift */ = {isa = PBXFileReference; fileEncoding = 4; lastKnownFileType = sourcecode.swift; path = NSLayoutScan.swift; sourceTree = "<group>"; };
		0456F1C21D590E95005F8326 /* NSLineBreakModeScan.swift */ = {isa = PBXFileReference; fileEncoding = 4; lastKnownFileType = sourcecode.swift; path = NSLineBreakModeScan.swift; sourceTree = "<group>"; };
		0456F1C41D590EC1005F8326 /* NSTextAlignmentScan.swift */ = {isa = PBXFileReference; fileEncoding = 4; lastKnownFileType = sourcecode.swift; path = NSTextAlignmentScan.swift; sourceTree = "<group>"; };
		0456F1C61D590F1F005F8326 /* UIActivityIndicatorViewStyleScan.swift */ = {isa = PBXFileReference; fileEncoding = 4; lastKnownFileType = sourcecode.swift; path = UIActivityIndicatorViewStyleScan.swift; sourceTree = "<group>"; };
		0456F1C81D590F72005F8326 /* UIBlurEffectStyleScan.swift */ = {isa = PBXFileReference; fileEncoding = 4; lastKnownFileType = sourcecode.swift; path = UIBlurEffectStyleScan.swift; sourceTree = "<group>"; };
		0456F1CA1D590FB6005F8326 /* UIKeyboardTypeScan.swift */ = {isa = PBXFileReference; fileEncoding = 4; lastKnownFileType = sourcecode.swift; path = UIKeyboardTypeScan.swift; sourceTree = "<group>"; };
		0456F1CC1D59100D005F8326 /* UIViewScan.swift */ = {isa = PBXFileReference; fileEncoding = 4; lastKnownFileType = sourcecode.swift; path = UIViewScan.swift; sourceTree = "<group>"; };
		0456F1CE1D591087005F8326 /* UITextFieldViewModeScan.swift */ = {isa = PBXFileReference; fileEncoding = 4; lastKnownFileType = sourcecode.swift; path = UITextFieldViewModeScan.swift; sourceTree = "<group>"; };
		04D3B64B1D52A99D002800F0 /* ErrorConsole.swift */ = {isa = PBXFileReference; fileEncoding = 4; lastKnownFileType = sourcecode.swift; path = ErrorConsole.swift; sourceTree = "<group>"; };
		04D3B64E1D52B244002800F0 /* UIView.swift */ = {isa = PBXFileReference; fileEncoding = 4; lastKnownFileType = sourcecode.swift; path = UIView.swift; sourceTree = "<group>"; };
		04D3B6531D52B420002800F0 /* StackingView.swift */ = {isa = PBXFileReference; fileEncoding = 4; lastKnownFileType = sourcecode.swift; path = StackingView.swift; sourceTree = "<group>"; };
		04D3B6551D53B7D4002800F0 /* StackingViewBindings.swift */ = {isa = PBXFileReference; fileEncoding = 4; lastKnownFileType = sourcecode.swift; path = StackingViewBindings.swift; sourceTree = "<group>"; };
/* End PBXFileReference section */

/* Begin PBXFrameworksBuildPhase section */
		044898791D4FCCDB0026F43A /* Frameworks */ = {
			isa = PBXFrameworksBuildPhase;
			buildActionMask = 2147483647;
			files = (
			);
			runOnlyForDeploymentPostprocessing = 0;
		};
/* End PBXFrameworksBuildPhase section */

/* Begin PBXGroup section */
		044898731D4FCCDB0026F43A = {
			isa = PBXGroup;
			children = (
				0448987F1D4FCCDB0026F43A /* Stage */,
				0448987E1D4FCCDB0026F43A /* Products */,
			);
			sourceTree = "<group>";
		};
		0448987E1D4FCCDB0026F43A /* Products */ = {
			isa = PBXGroup;
			children = (
				0448987D1D4FCCDB0026F43A /* Stage.framework */,
			);
			name = Products;
			sourceTree = "<group>";
		};
		0448987F1D4FCCDB0026F43A /* Stage */ = {
			isa = PBXGroup;
			children = (
				04D3B6521D52B420002800F0 /* ComponentViews */,
				04D3B64D1D52B23D002800F0 /* Extensions */,
				044898951D4FCD330026F43A /* ObjcHelpers */,
				0448989E1D4FCD330026F43A /* PropertyBindings */,
				044898A71D4FCD330026F43A /* Scanners */,
				0448988E1D4FCD330026F43A /* Declaration.swift */,
				0448988F1D4FCD330026F43A /* DefaultDefinitionFactory.swift */,
				044898901D4FCD330026F43A /* Definition.swift */,
				044898911D4FCD330026F43A /* DevelopmentServerDefinitionFactory.swift */,
				04D3B64B1D52A99D002800F0 /* ErrorConsole.swift */,
				044898921D4FCD330026F43A /* Exception.swift */,
				044898931D4FCD330026F43A /* LiveContext.swift */,
				044898941D4FCD330026F43A /* Mapper.swift */,
				044898D51D4FCEA80026F43A /* Parser.swift */,
				044898A61D4FCD330026F43A /* PropertyRegistration.swift */,
				044898AF1D4FCD330026F43A /* Utilities.swift */,
				044898B01D4FCD330026F43A /* ViewBinding.swift */,
				044898B11D4FCD330026F43A /* ViewHierarchyNode.swift */,
				044898801D4FCCDB0026F43A /* Stage.h */,
				044898821D4FCCDB0026F43A /* Info.plist */,
			);
			path = Stage;
			sourceTree = "<group>";
		};
		044898951D4FCD330026F43A /* ObjcHelpers */ = {
			isa = PBXGroup;
			children = (
				044898961D4FCD330026F43A /* NSObject+Stage.h */,
				044898971D4FCD330026F43A /* NSObject+Stage.m */,
				044898981D4FCD330026F43A /* StageRuntimeHelpers.h */,
				044898991D4FCD330026F43A /* StageRuntimeHelpers.m */,
				0448989A1D4FCD330026F43A /* StageSafeKVO.h */,
				0448989B1D4FCD330026F43A /* StageSafeKVO.m */,
				0448989C1D4FCD330026F43A /* UIView+Stage.h */,
				0448989D1D4FCD330026F43A /* UIView+Stage.m */,
			);
			path = ObjcHelpers;
			sourceTree = "<group>";
		};
		0448989E1D4FCD330026F43A /* PropertyBindings */ = {
			isa = PBXGroup;
			children = (
				0448989F1D4FCD330026F43A /* MKMapViewBindings.swift */,
				044898A01D4FCD330026F43A /* UILabelBindings.swift */,
				044898A11D4FCD330026F43A /* UIScrollViewBindings.swift */,
				044898A21D4FCD330026F43A /* UISegmentedControlBindings.swift */,
				044898A31D4FCD330026F43A /* UITextFieldBindings.swift */,
				044898A41D4FCD330026F43A /* UITextViewBindings.swift */,
				044898A51D4FCD330026F43A /* UIViewBindings.swift */,
			);
			path = PropertyBindings;
			sourceTree = "<group>";
		};
		044898A71D4FCD330026F43A /* Scanners */ = {
			isa = PBXGroup;
			children = (
				0456F1B81D590BCC005F8326 /* CGPointScan.swift */,
				0456F1BA1D590BF4005F8326 /* CGSizeScan.swift */,
				044898A81D4FCD330026F43A /* EnumScanner.swift */,
				0456F1BE1D590D5A005F8326 /* MKMapTypeScan.swift */,
				0456F1C01D590DC6005F8326 /* NSLayoutScan.swift */,
				0456F1C21D590E95005F8326 /* NSLineBreakModeScan.swift */,
				0456F1C41D590EC1005F8326 /* NSTextAlignmentScan.swift */,
				044898A91D4FCD330026F43A /* RuleScanner.swift */,
				0456F1C61D590F1F005F8326 /* UIActivityIndicatorViewStyleScan.swift */,
				0456F1C81D590F72005F8326 /* UIBlurEffectStyleScan.swift */,
				044898AA1D4FCD330026F43A /* UIColorScan.swift */,
				0456F1BC1D590C35005F8326 /* UIEdgeInsetsScan.swift */,
				044898AC1D4FCD330026F43A /* UIFontScan.swift */,
				0456F1CA1D590FB6005F8326 /* UIKeyboardTypeScan.swift */,
				044898AD1D4FCD330026F43A /* UILayoutScan.swift */,
				0456F1CE1D591087005F8326 /* UITextFieldViewModeScan.swift */,
				0456F1CC1D59100D005F8326 /* UIViewScan.swift */,
			);
			path = Scanners;
			sourceTree = "<group>";
		};
		04D3B64D1D52B23D002800F0 /* Extensions */ = {
			isa = PBXGroup;
			children = (
				04D3B64E1D52B244002800F0 /* UIView.swift */,
			);
			path = Extensions;
			sourceTree = "<group>";
		};
		04D3B6521D52B420002800F0 /* ComponentViews */ = {
			isa = PBXGroup;
			children = (
				04D3B6531D52B420002800F0 /* StackingView.swift */,
				04D3B6551D53B7D4002800F0 /* StackingViewBindings.swift */,
			);
			path = ComponentViews;
			sourceTree = "<group>";
		};
/* End PBXGroup section */

/* Begin PBXHeadersBuildPhase section */
		0448987A1D4FCCDB0026F43A /* Headers */ = {
			isa = PBXHeadersBuildPhase;
			buildActionMask = 2147483647;
			files = (
				044898811D4FCCDB0026F43A /* Stage.h in Headers */,
				044898BB1D4FCD330026F43A /* StageRuntimeHelpers.h in Headers */,
				044898B91D4FCD330026F43A /* NSObject+Stage.h in Headers */,
				044898BF1D4FCD330026F43A /* UIView+Stage.h in Headers */,
				044898BD1D4FCD330026F43A /* StageSafeKVO.h in Headers */,
			);
			runOnlyForDeploymentPostprocessing = 0;
		};
/* End PBXHeadersBuildPhase section */

/* Begin PBXNativeTarget section */
		0448987C1D4FCCDB0026F43A /* Stage */ = {
			isa = PBXNativeTarget;
			buildConfigurationList = 044898851D4FCCDB0026F43A /* Build configuration list for PBXNativeTarget "Stage" */;
			buildPhases = (
				044898781D4FCCDB0026F43A /* Sources */,
				044898791D4FCCDB0026F43A /* Frameworks */,
				0448987A1D4FCCDB0026F43A /* Headers */,
				0448987B1D4FCCDB0026F43A /* Resources */,
			);
			buildRules = (
			);
			dependencies = (
			);
			name = Stage;
			productName = Stage;
			productReference = 0448987D1D4FCCDB0026F43A /* Stage.framework */;
			productType = "com.apple.product-type.framework";
		};
/* End PBXNativeTarget section */

/* Begin PBXProject section */
		044898741D4FCCDB0026F43A /* Project object */ = {
			isa = PBXProject;
			attributes = {
				LastUpgradeCheck = 0730;
				ORGANIZATIONNAME = deep;
				TargetAttributes = {
					0448987C1D4FCCDB0026F43A = {
						CreatedOnToolsVersion = 7.3.1;
					};
				};
			};
			buildConfigurationList = 044898771D4FCCDB0026F43A /* Build configuration list for PBXProject "Stage" */;
			compatibilityVersion = "Xcode 3.2";
			developmentRegion = English;
			hasScannedForEncodings = 0;
			knownRegions = (
				en,
			);
			mainGroup = 044898731D4FCCDB0026F43A;
			productRefGroup = 0448987E1D4FCCDB0026F43A /* Products */;
			projectDirPath = "";
			projectRoot = "";
			targets = (
				0448987C1D4FCCDB0026F43A /* Stage */,
			);
		};
/* End PBXProject section */

/* Begin PBXResourcesBuildPhase section */
		0448987B1D4FCCDB0026F43A /* Resources */ = {
			isa = PBXResourcesBuildPhase;
			buildActionMask = 2147483647;
			files = (
			);
			runOnlyForDeploymentPostprocessing = 0;
		};
/* End PBXResourcesBuildPhase section */

/* Begin PBXSourcesBuildPhase section */
		044898781D4FCCDB0026F43A /* Sources */ = {
			isa = PBXSourcesBuildPhase;
			buildActionMask = 2147483647;
			files = (
				04D3B64F1D52B244002800F0 /* UIView.swift in Sources */,
				0456F1BB1D590BF4005F8326 /* CGSizeScan.swift in Sources */,
				044898C71D4FCD330026F43A /* UIViewBindings.swift in Sources */,
				044898B21D4FCD330026F43A /* Declaration.swift in Sources */,
				044898D61D4FCEA80026F43A /* Parser.swift in Sources */,
				04D3B64C1D52A99D002800F0 /* ErrorConsole.swift in Sources */,
				044898C01D4FCD330026F43A /* UIView+Stage.m in Sources */,
				044898BC1D4FCD330026F43A /* StageRuntimeHelpers.m in Sources */,
				044898B71D4FCD330026F43A /* LiveContext.swift in Sources */,
				044898CD1D4FCD330026F43A /* UIFontScan.swift in Sources */,
				044898C41D4FCD330026F43A /* UISegmentedControlBindings.swift in Sources */,
				0456F1BF1D590D5A005F8326 /* MKMapTypeScan.swift in Sources */,
				044898BA1D4FCD330026F43A /* NSObject+Stage.m in Sources */,
				0456F1C71D590F1F005F8326 /* UIActivityIndicatorViewStyleScan.swift in Sources */,
				044898C11D4FCD330026F43A /* MKMapViewBindings.swift in Sources */,
				044898B81D4FCD330026F43A /* Mapper.swift in Sources */,
				044898C21D4FCD330026F43A /* UILabelBindings.swift in Sources */,
				044898D21D4FCD330026F43A /* ViewHierarchyNode.swift in Sources */,
				044898C51D4FCD330026F43A /* UITextFieldBindings.swift in Sources */,
				0456F1B91D590BCC005F8326 /* CGPointScan.swift in Sources */,
				044898B61D4FCD330026F43A /* Exception.swift in Sources */,
				0456F1BD1D590C35005F8326 /* UIEdgeInsetsScan.swift in Sources */,
				044898CA1D4FCD330026F43A /* RuleScanner.swift in Sources */,
				044898D01D4FCD330026F43A /* Utilities.swift in Sources */,
				044898C61D4FCD330026F43A /* UITextViewBindings.swift in Sources */,
				044898C81D4FCD330026F43A /* PropertyRegistration.swift in Sources */,
				044898D11D4FCD330026F43A /* ViewBinding.swift in Sources */,
				0456F1C91D590F72005F8326 /* UIBlurEffectStyleScan.swift in Sources */,
				0456F1CD1D59100D005F8326 /* UIViewScan.swift in Sources */,
				044898CE1D4FCD330026F43A /* UILayoutScan.swift in Sources */,
				0456F1CF1D591087005F8326 /* UITextFieldViewModeScan.swift in Sources */,
				044898C31D4FCD330026F43A /* UIScrollViewBindings.swift in Sources */,
				044898CB1D4FCD330026F43A /* UIColorScan.swift in Sources */,
				0456F1C51D590EC1005F8326 /* NSTextAlignmentScan.swift in Sources */,
				0456F1CB1D590FB6005F8326 /* UIKeyboardTypeScan.swift in Sources */,
				0456F1C11D590DC6005F8326 /* NSLayoutScan.swift in Sources */,
				044898C91D4FCD330026F43A /* EnumScanner.swift in Sources */,
				044898BE1D4FCD330026F43A /* StageSafeKVO.m in Sources */,
				04D3B6561D53B7D4002800F0 /* StackingViewBindings.swift in Sources */,
				0456F1C31D590E95005F8326 /* NSLineBreakModeScan.swift in Sources */,
				044898B41D4FCD330026F43A /* Definition.swift in Sources */,
				04D3B6541D52B420002800F0 /* StackingView.swift in Sources */,
				044898B51D4FCD330026F43A /* DevelopmentServerDefinitionFactory.swift in Sources */,
				044898B31D4FCD330026F43A /* DefaultDefinitionFactory.swift in Sources */,
			);
			runOnlyForDeploymentPostprocessing = 0;
		};
/* End PBXSourcesBuildPhase section */

/* Begin XCBuildConfiguration section */
		044898831D4FCCDB0026F43A /* Debug */ = {
			isa = XCBuildConfiguration;
			buildSettings = {
				ALWAYS_SEARCH_USER_PATHS = NO;
				CLANG_ANALYZER_NONNULL = YES;
				CLANG_CXX_LANGUAGE_STANDARD = "gnu++0x";
				CLANG_CXX_LIBRARY = "libc++";
				CLANG_ENABLE_MODULES = YES;
				CLANG_ENABLE_OBJC_ARC = YES;
				CLANG_WARN_BOOL_CONVERSION = YES;
				CLANG_WARN_CONSTANT_CONVERSION = YES;
				CLANG_WARN_DIRECT_OBJC_ISA_USAGE = YES_ERROR;
				CLANG_WARN_EMPTY_BODY = YES;
				CLANG_WARN_ENUM_CONVERSION = YES;
				CLANG_WARN_INT_CONVERSION = YES;
				CLANG_WARN_OBJC_ROOT_CLASS = YES_ERROR;
				CLANG_WARN_UNREACHABLE_CODE = YES;
				CLANG_WARN__DUPLICATE_METHOD_MATCH = YES;
				"CODE_SIGN_IDENTITY[sdk=iphoneos*]" = "iPhone Developer";
				COPY_PHASE_STRIP = NO;
				CURRENT_PROJECT_VERSION = 1;
				DEBUG_INFORMATION_FORMAT = dwarf;
				ENABLE_STRICT_OBJC_MSGSEND = YES;
				ENABLE_TESTABILITY = YES;
				GCC_C_LANGUAGE_STANDARD = gnu99;
				GCC_DYNAMIC_NO_PIC = NO;
				GCC_NO_COMMON_BLOCKS = YES;
				GCC_OPTIMIZATION_LEVEL = 0;
				GCC_PREPROCESSOR_DEFINITIONS = (
					"DEBUG=1",
					"$(inherited)",
				);
				GCC_WARN_64_TO_32_BIT_CONVERSION = YES;
				GCC_WARN_ABOUT_RETURN_TYPE = YES_ERROR;
				GCC_WARN_UNDECLARED_SELECTOR = YES;
				GCC_WARN_UNINITIALIZED_AUTOS = YES_AGGRESSIVE;
				GCC_WARN_UNUSED_FUNCTION = YES;
				GCC_WARN_UNUSED_VARIABLE = YES;
				IPHONEOS_DEPLOYMENT_TARGET = 8.4;
				MTL_ENABLE_DEBUG_INFO = YES;
				ONLY_ACTIVE_ARCH = YES;
				SDKROOT = iphoneos;
				SWIFT_OPTIMIZATION_LEVEL = "-Onone";
				TARGETED_DEVICE_FAMILY = "1,2";
				VERSIONING_SYSTEM = "apple-generic";
				VERSION_INFO_PREFIX = "";
			};
			name = Debug;
		};
		044898841D4FCCDB0026F43A /* Release */ = {
			isa = XCBuildConfiguration;
			buildSettings = {
				ALWAYS_SEARCH_USER_PATHS = NO;
				CLANG_ANALYZER_NONNULL = YES;
				CLANG_CXX_LANGUAGE_STANDARD = "gnu++0x";
				CLANG_CXX_LIBRARY = "libc++";
				CLANG_ENABLE_MODULES = YES;
				CLANG_ENABLE_OBJC_ARC = YES;
				CLANG_WARN_BOOL_CONVERSION = YES;
				CLANG_WARN_CONSTANT_CONVERSION = YES;
				CLANG_WARN_DIRECT_OBJC_ISA_USAGE = YES_ERROR;
				CLANG_WARN_EMPTY_BODY = YES;
				CLANG_WARN_ENUM_CONVERSION = YES;
				CLANG_WARN_INT_CONVERSION = YES;
				CLANG_WARN_OBJC_ROOT_CLASS = YES_ERROR;
				CLANG_WARN_UNREACHABLE_CODE = YES;
				CLANG_WARN__DUPLICATE_METHOD_MATCH = YES;
				"CODE_SIGN_IDENTITY[sdk=iphoneos*]" = "iPhone Developer";
				COPY_PHASE_STRIP = NO;
				CURRENT_PROJECT_VERSION = 1;
				DEBUG_INFORMATION_FORMAT = "dwarf-with-dsym";
				ENABLE_NS_ASSERTIONS = NO;
				ENABLE_STRICT_OBJC_MSGSEND = YES;
				GCC_C_LANGUAGE_STANDARD = gnu99;
				GCC_NO_COMMON_BLOCKS = YES;
				GCC_WARN_64_TO_32_BIT_CONVERSION = YES;
				GCC_WARN_ABOUT_RETURN_TYPE = YES_ERROR;
				GCC_WARN_UNDECLARED_SELECTOR = YES;
				GCC_WARN_UNINITIALIZED_AUTOS = YES_AGGRESSIVE;
				GCC_WARN_UNUSED_FUNCTION = YES;
				GCC_WARN_UNUSED_VARIABLE = YES;
				IPHONEOS_DEPLOYMENT_TARGET = 8.4;
				MTL_ENABLE_DEBUG_INFO = NO;
				SDKROOT = iphoneos;
				TARGETED_DEVICE_FAMILY = "1,2";
				VALIDATE_PRODUCT = YES;
				VERSIONING_SYSTEM = "apple-generic";
				VERSION_INFO_PREFIX = "";
			};
			name = Release;
		};
		044898861D4FCCDB0026F43A /* Debug */ = {
			isa = XCBuildConfiguration;
			buildSettings = {
				CLANG_ENABLE_MODULES = YES;
				DEFINES_MODULE = YES;
				DYLIB_COMPATIBILITY_VERSION = 1;
				DYLIB_CURRENT_VERSION = 1;
				DYLIB_INSTALL_NAME_BASE = "@rpath";
				INFOPLIST_FILE = Stage/Info.plist;
				INSTALL_PATH = "$(LOCAL_LIBRARY_DIR)/Frameworks";
				LD_RUNPATH_SEARCH_PATHS = "$(inherited) @executable_path/Frameworks @loader_path/Frameworks";
				PRODUCT_BUNDLE_IDENTIFIER = com.deep.Stage;
				PRODUCT_NAME = "$(TARGET_NAME)";
				SKIP_INSTALL = YES;
				SWIFT_OPTIMIZATION_LEVEL = "-Onone";
			};
			name = Debug;
		};
		044898871D4FCCDB0026F43A /* Release */ = {
			isa = XCBuildConfiguration;
			buildSettings = {
				CLANG_ENABLE_MODULES = YES;
				DEFINES_MODULE = YES;
				DYLIB_COMPATIBILITY_VERSION = 1;
				DYLIB_CURRENT_VERSION = 1;
				DYLIB_INSTALL_NAME_BASE = "@rpath";
				INFOPLIST_FILE = Stage/Info.plist;
				INSTALL_PATH = "$(LOCAL_LIBRARY_DIR)/Frameworks";
				LD_RUNPATH_SEARCH_PATHS = "$(inherited) @executable_path/Frameworks @loader_path/Frameworks";
				PRODUCT_BUNDLE_IDENTIFIER = com.deep.Stage;
				PRODUCT_NAME = "$(TARGET_NAME)";
				SKIP_INSTALL = YES;
			};
			name = Release;
		};
/* End XCBuildConfiguration section */

/* Begin XCConfigurationList section */
		044898771D4FCCDB0026F43A /* Build configuration list for PBXProject "Stage" */ = {
			isa = XCConfigurationList;
			buildConfigurations = (
				044898831D4FCCDB0026F43A /* Debug */,
				044898841D4FCCDB0026F43A /* Release */,
			);
			defaultConfigurationIsVisible = 0;
			defaultConfigurationName = Release;
		};
		044898851D4FCCDB0026F43A /* Build configuration list for PBXNativeTarget "Stage" */ = {
			isa = XCConfigurationList;
			buildConfigurations = (
				044898861D4FCCDB0026F43A /* Debug */,
				044898871D4FCCDB0026F43A /* Release */,
			);
			defaultConfigurationIsVisible = 0;
			defaultConfigurationName = Release;
		};
/* End XCConfigurationList section */
	};
	rootObject = 044898741D4FCCDB0026F43A /* Project object */;
}
